
Microsoft Visual Studio Solution File, Format Version 12.00
# Visual Studio 15
VisualStudioVersion = 15.0.28307.489
MinimumVisualStudioVersion = 10.0.40219.1
Project("{8BC9CEB8-8B4A-11D0-8D11-00A0C91BC942}") = "Alps_March_5thWeek", "Alps_March_5thWeek\Alps_March_5thWeek.vcxproj", "{86A2C094-B2A8-476E-A094-5B79D83241FA}"
EndProject
Global
	GlobalSection(SolutionConfigurationPlatforms) = preSolution
		Debug|x64 = Debug|x64
		Debug|x86 = Debug|x86
		Release|x64 = Release|x64
		Release|x86 = Release|x86
	EndGlobalSection
	GlobalSection(ProjectConfigurationPlatforms) = postSolution
		{86A2C094-B2A8-476E-A094-5B79D83241FA}.Debug|x64.ActiveCfg = Debug|x64
		{86A2C094-B2A8-476E-A094-5B79D83241FA}.Debug|x64.Build.0 = Debug|x64
		{86A2C094-B2A8-476E-A094-5B79D83241FA}.Debug|x86.ActiveCfg = Debug|Win32
		{86A2C094-B2A8-476E-A094-5B79D83241FA}.Debug|x86.Build.0 = Debug|Win32
		{86A2C094-B2A8-476E-A094-5B79D83241FA}.Release|x64.ActiveCfg = Release|x64
		{86A2C094-B2A8-476E-A094-5B79D83241FA}.Release|x64.Build.0 = Release|x64
		{86A2C094-B2A8-476E-A094-5B79D83241FA}.Release|x86.ActiveCfg = Release|Win32
		{86A2C094-B2A8-476E-A094-5B79D83241FA}.Release|x86.Build.0 = Release|Win32
	EndGlobalSection
	GlobalSection(SolutionProperties) = preSolution
		HideSolutionNode = FALSE
	EndGlobalSection
	GlobalSection(ExtensibilityGlobals) = postSolution
		SolutionGuid = {E6902914-3F15-4E4B-B219-E6E748E994D1}
	EndGlobalSection
EndGlobal
